
Microsoft Visual Studio Solution File, Format Version 12.00
# Visual Studio Version 17
VisualStudioVersion = 17.2.32616.157
MinimumVisualStudioVersion = 10.0.40219.1
Project("{FAE04EC0-301F-11D3-BF4B-00C04F79EFBC}") = "EShop.ApiGateway", "EShop.ApiGateway\EShop.ApiGateway.csproj", "{517C88AE-7AFA-4F90-8BD0-8A313AFE4340}"
EndProject
Project("{FAE04EC0-301F-11D3-BF4B-00C04F79EFBC}") = "Eshop.User.Api", "Eshop.User.Api\Eshop.User.Api.csproj", "{325838F5-4C59-4142-96EC-326C9DFAE06E}"
EndProject
Project("{FAE04EC0-301F-11D3-BF4B-00C04F79EFBC}") = "EShop.Product.Api", "EShop.Product.Api\EShop.Product.Api.csproj", "{C576F032-A64D-4994-8444-D3ACFB099A3F}"
EndProject
Project("{FAE04EC0-301F-11D3-BF4B-00C04F79EFBC}") = "EShop.Order.Api", "EShop.Order.Api\EShop.Order.Api.csproj", "{1C6FB718-C506-4926-9714-8E9E24E8EDF7}"
EndProject
Project("{FAE04EC0-301F-11D3-BF4B-00C04F79EFBC}") = "EShop.Insfrastructure", "EShop.Insfrastructure\EShop.Insfrastructure.csproj", "{AEB864B2-25F3-435D-95EA-CFEF9A49B5FB}"
EndProject
Global
	GlobalSection(SolutionConfigurationPlatforms) = preSolution
		Debug|Any CPU = Debug|Any CPU
		Release|Any CPU = Release|Any CPU
	EndGlobalSection
	GlobalSection(ProjectConfigurationPlatforms) = postSolution
		{517C88AE-7AFA-4F90-8BD0-8A313AFE4340}.Debug|Any CPU.ActiveCfg = Debug|Any CPU
		{517C88AE-7AFA-4F90-8BD0-8A313AFE4340}.Debug|Any CPU.Build.0 = Debug|Any CPU
		{517C88AE-7AFA-4F90-8BD0-8A313AFE4340}.Release|Any CPU.ActiveCfg = Release|Any CPU
		{517C88AE-7AFA-4F90-8BD0-8A313AFE4340}.Release|Any CPU.Build.0 = Release|Any CPU
		{325838F5-4C59-4142-96EC-326C9DFAE06E}.Debug|Any CPU.ActiveCfg = Debug|Any CPU
		{325838F5-4C59-4142-96EC-326C9DFAE06E}.Debug|Any CPU.Build.0 = Debug|Any CPU
		{325838F5-4C59-4142-96EC-326C9DFAE06E}.Release|Any CPU.ActiveCfg = Release|Any CPU
		{325838F5-4C59-4142-96EC-326C9DFAE06E}.Release|Any CPU.Build.0 = Release|Any CPU
		{C576F032-A64D-4994-8444-D3ACFB099A3F}.Debug|Any CPU.ActiveCfg = Debug|Any CPU
		{C576F032-A64D-4994-8444-D3ACFB099A3F}.Debug|Any CPU.Build.0 = Debug|Any CPU
		{C576F032-A64D-4994-8444-D3ACFB099A3F}.Release|Any CPU.ActiveCfg = Release|Any CPU
		{C576F032-A64D-4994-8444-D3ACFB099A3F}.Release|Any CPU.Build.0 = Release|Any CPU
		{1C6FB718-C506-4926-9714-8E9E24E8EDF7}.Debug|Any CPU.ActiveCfg = Debug|Any CPU
		{1C6FB718-C506-4926-9714-8E9E24E8EDF7}.Debug|Any CPU.Build.0 = Debug|Any CPU
		{1C6FB718-C506-4926-9714-8E9E24E8EDF7}.Release|Any CPU.ActiveCfg = Release|Any CPU
		{1C6FB718-C506-4926-9714-8E9E24E8EDF7}.Release|Any CPU.Build.0 = Release|Any CPU
		{AEB864B2-25F3-435D-95EA-CFEF9A49B5FB}.Debug|Any CPU.ActiveCfg = Debug|Any CPU
		{AEB864B2-25F3-435D-95EA-CFEF9A49B5FB}.Debug|Any CPU.Build.0 = Debug|Any CPU
		{AEB864B2-25F3-435D-95EA-CFEF9A49B5FB}.Release|Any CPU.ActiveCfg = Release|Any CPU
		{AEB864B2-25F3-435D-95EA-CFEF9A49B5FB}.Release|Any CPU.Build.0 = Release|Any CPU
	EndGlobalSection
	GlobalSection(SolutionProperties) = preSolution
		HideSolutionNode = FALSE
	EndGlobalSection
	GlobalSection(ExtensibilityGlobals) = postSolution
		SolutionGuid = {43E5A313-C522-4298-A9B2-A5B013229689}
	EndGlobalSection
EndGlobal
